// !$*UTF8*$!
{
	archiveVersion = 1;
	classes = {
	};
	objectVersion = 54;
	objects = {

/* Begin PBXBuildFile section */
		175773FC16A38FB100F6E4C7 /* CoreMedia.framework in Frameworks */ = {isa = PBXBuildFile; fileRef = 175773FB16A38FB100F6E4C7 /* CoreMedia.framework */; };
		1758595D16A313CA00AAAFBE /* AVFoundation.framework in Frameworks */ = {isa = PBXBuildFile; fileRef = 1758595C16A313CA00AAAFBE /* AVFoundation.framework */; };
		177F3CCD1630F42D00FE4780 /* IOKit.framework in Frameworks */ = {isa = PBXBuildFile; fileRef = 177F3CCC1630F42D00FE4780 /* IOKit.framework */; };
		3F50FC4415DB4981000E5147 /* DMButton.m in Sources */ = {isa = PBXBuildFile; fileRef = 3F50FC4315DB4981000E5147 /* DMButton.m */; };
		3F8A956415D9FEE500701895 /* DMPanel.m in Sources */ = {isa = PBXBuildFile; fileRef = 3F8A956315D9FEE500701895 /* DMPanel.m */; };
		3FBE809915D4A632001A3BEC /* DMErrorLog.m in Sources */ = {isa = PBXBuildFile; fileRef = 3FBE809815D4A632001A3BEC /* DMErrorLog.m */; };
		41BD4EB61FED50700028B8BC /* DockImageProvider.swift in Sources */ = {isa = PBXBuildFile; fileRef = 41BD4EB51FED50700028B8BC /* DockImageProvider.swift */; };
		AB7BCA742F437B9700E53DFF /* DMNetEaseMusicFetcher.swift in Sources */ = {isa = PBXBuildFile; fileRef = AB7BCA732F437B9700E53DFF /* DMNetEaseMusicFetcher.swift */; };
		AB7BCA772F44776A00E53DFF /* DMNetEaseAPIClient.swift in Sources */ = {isa = PBXBuildFile; fileRef = AB7BCA752F44776A00E53DFF /* DMNetEaseAPIClient.swift */; };
		AB7BCA7A2F44815500E53DFF /* DMNetEaseCrypto.swift in Sources */ = {isa = PBXBuildFile; fileRef = AB7BCA792F44815500E53DFF /* DMNetEaseCrypto.swift */; };
		AB7BCA802F448AFB00E53DFF /* Assets.xcassets in Resources */ = {isa = PBXBuildFile; fileRef = AB7BCA7F2F448AFB00E53DFF /* Assets.xcassets */; };
		ABA7FE252F4494FD0000642A /* NSDictionary+SMKeyValueObserving.m in Sources */ = {isa = PBXBuildFile; fileRef = ABA7FE142F4494FD0000642A /* NSDictionary+SMKeyValueObserving.m */; };
		ABA7FE262F4494FD0000642A /* NSObject+SPInvocationGrabbing.m in Sources */ = {isa = PBXBuildFile; fileRef = ABA7FE202F4494FD0000642A /* NSObject+SPInvocationGrabbing.m */; };
		ABA7FE272F4494FD0000642A /* SMTabBarItem.m in Sources */ = {isa = PBXBuildFile; fileRef = ABA7FE1C2F4494FD0000642A /* SMTabBarItem.m */; };
		ABA7FE282F4494FD0000642A /* SMTabBar.m in Sources */ = {isa = PBXBuildFile; fileRef = ABA7FE182F4494FD0000642A /* SMTabBar.m */; };
		ABA7FE292F4494FD0000642A /* SPMediaKeyTap.m in Sources */ = {isa = PBXBuildFile; fileRef = ABA7FE232F4494FD0000642A /* SPMediaKeyTap.m */; };
		ABA7FE2A2F4494FD0000642A /* SMTabBarButtonCell.m in Sources */ = {isa = PBXBuildFile; fileRef = ABA7FE1A2F4494FD0000642A /* SMTabBarButtonCell.m */; };
		ABA7FE2B2F4494FD0000642A /* SMBar.m in Sources */ = {isa = PBXBuildFile; fileRef = ABA7FE162F4494FD0000642A /* SMBar.m */; };
		EE5D50E6A8EC19578E7FD131 /* libPods-diumoo.a in Frameworks */ = {isa = PBXBuildFile; fileRef = A59F272867389CDAD17E6CA1 /* libPods-diumoo.a */; };
		F501B3B715877062001C6158 /* DMCoverControlView.m in Sources */ = {isa = PBXBuildFile; fileRef = F501B3B015877062001C6158 /* DMCoverControlView.m */; };
		F501B3B815877062001C6158 /* DMCoverSlide.m in Sources */ = {isa = PBXBuildFile; fileRef = F501B3B315877062001C6158 /* DMCoverSlide.m */; };
		F501B3BD1587708F001C6158 /* DMPanelWindowController.m in Sources */ = {isa = PBXBuildFile; fileRef = F501B3BB1587708F001C6158 /* DMPanelWindowController.m */; };
		F50A0A6816247A8800664316 /* DMSearchPanelController.m in Sources */ = {isa = PBXBuildFile; fileRef = F50A0A6516247A8800664316 /* DMSearchPanelController.m */; };
		F5148AB31580E58D002B3D61 /* Cocoa.framework in Frameworks */ = {isa = PBXBuildFile; fileRef = F5148AB21580E58D002B3D61 /* Cocoa.framework */; };
		F5148ABD1580E58D002B3D61 /* InfoPlist.strings in Resources */ = {isa = PBXBuildFile; fileRef = F5148ABB1580E58D002B3D61 /* InfoPlist.strings */; };
		F5148ABF1580E58D002B3D61 /* main.m in Sources */ = {isa = PBXBuildFile; fileRef = F5148ABE1580E58D002B3D61 /* main.m */; };
		F5148AC31580E58D002B3D61 /* Credits.rtf in Resources */ = {isa = PBXBuildFile; fileRef = F5148AC11580E58D002B3D61 /* Credits.rtf */; };
		F5148ACC1580E58E002B3D61 /* MainMenu.xib in Resources */ = {isa = PBXBuildFile; fileRef = F5148ACA1580E58E002B3D61 /* MainMenu.xib */; };
		F5148AD41580E5F4002B3D61 /* DMAppDelegate.m in Sources */ = {isa = PBXBuildFile; fileRef = F5148AD31580E5F4002B3D61 /* DMAppDelegate.m */; };
		F5148AD71580E6AD002B3D61 /* DMApp.m in Sources */ = {isa = PBXBuildFile; fileRef = F5148AD61580E6AD002B3D61 /* DMApp.m */; };
		F5148B2E1580E904002B3D61 /* DMControlCenter.m in Sources */ = {isa = PBXBuildFile; fileRef = F5148B221580E904002B3D61 /* DMControlCenter.m */; };
		F5148B311580E904002B3D61 /* NSDictionary+UrlEncoding.m in Sources */ = {isa = PBXBuildFile; fileRef = F5148B2D1580E904002B3D61 /* NSDictionary+UrlEncoding.m */; };
		F5148B4A1580EE1F002B3D61 /* Carbon.framework in Frameworks */ = {isa = PBXBuildFile; fileRef = F5148B491580EE1F002B3D61 /* Carbon.framework */; };
		F5148B4C1580EE4D002B3D61 /* Security.framework in Frameworks */ = {isa = PBXBuildFile; fileRef = F5148B4B1580EE4D002B3D61 /* Security.framework */; };
		F5148B501580EE92002B3D61 /* QuartzCore.framework in Frameworks */ = {isa = PBXBuildFile; fileRef = F5148B4F1580EE92002B3D61 /* QuartzCore.framework */; };
		F515C16015B6F07500210826 /* MenubarController.m in Sources */ = {isa = PBXBuildFile; fileRef = F515C15D15B6F07500210826 /* MenubarController.m */; };
		F515C16115B6F07500210826 /* StatusItemView.m in Sources */ = {isa = PBXBuildFile; fileRef = F515C15F15B6F07500210826 /* StatusItemView.m */; };
		F53C78DE15CC0AA000201C65 /* DMService.m in Sources */ = {isa = PBXBuildFile; fileRef = F53C78DD15CC0AA000201C65 /* DMService.m */; };
		F53C78EB15CC0D0C00201C65 /* NSData+AESCrypt.m in Sources */ = {isa = PBXBuildFile; fileRef = F53C78E815CC0D0C00201C65 /* NSData+AESCrypt.m */; };
		F53C78EC15CC0D0C00201C65 /* NSData+Base64.m in Sources */ = {isa = PBXBuildFile; fileRef = F53C78EA15CC0D0C00201C65 /* NSData+Base64.m */; };
		F566F60E15C6E4A200FC7143 /* NSImage+AsyncLoadImage.m in Sources */ = {isa = PBXBuildFile; fileRef = F566F60D15C6E4A200FC7143 /* NSImage+AsyncLoadImage.m */; };
		F595995C1606369100FA3C3E /* DMDocumentWindow.xib in Resources */ = {isa = PBXBuildFile; fileRef = F595995E1606369100FA3C3E /* DMDocumentWindow.xib */; };
		F5959960160636AC00FA3C3E /* DMPrefsPanel.xib in Resources */ = {isa = PBXBuildFile; fileRef = F5959962160636AC00FA3C3E /* DMPrefsPanel.xib */; };
		F5959963160636BC00FA3C3E /* DMPanelWindowController.xib in Resources */ = {isa = PBXBuildFile; fileRef = F5959965160636BC00FA3C3E /* DMPanelWindowController.xib */; };
		F595996E1606401600FA3C3E /* Localizable.strings in Resources */ = {isa = PBXBuildFile; fileRef = F59599701606401600FA3C3E /* Localizable.strings */; };
		F5AF817E163429BB006F15F0 /* DMSearchItemView.m in Sources */ = {isa = PBXBuildFile; fileRef = F5AF817D163429BB006F15F0 /* DMSearchItemView.m */; };
		F5BB89F4159744B80017E6FE /* DMVolumeSlideCell.m in Sources */ = {isa = PBXBuildFile; fileRef = F5BB89F3159744B80017E6FE /* DMVolumeSlideCell.m */; };
		F5D25DD216A999A700ED70CC /* DMBitrateControlLayer.m in Sources */ = {isa = PBXBuildFile; fileRef = F5D25DD116A999A700ED70CC /* DMBitrateControlLayer.m */; };
		F5D3631E15A1F0EF003A40B2 /* DMDocument.m in Sources */ = {isa = PBXBuildFile; fileRef = F5D362FF15A1F0EF003A40B2 /* DMDocument.m */; };
		F5D3631F15A1F0EF003A40B2 /* DMDetailViewController.m in Sources */ = {isa = PBXBuildFile; fileRef = F5D3630315A1F0EF003A40B2 /* DMDetailViewController.m */; };
		F5D3632115A1F0EF003A40B2 /* DMDocumentWindowController.m in Sources */ = {isa = PBXBuildFile; fileRef = F5D3630615A1F0EF003A40B2 /* DMDocumentWindowController.m */; };
		F5D3632315A1F0EF003A40B2 /* JUInspectorBaseView.m in Sources */ = {isa = PBXBuildFile; fileRef = F5D3630C15A1F0EF003A40B2 /* JUInspectorBaseView.m */; settings = {COMPILER_FLAGS = "-fno-objc-arc"; }; };
		F5D3632415A1F0EF003A40B2 /* JUInspectorView.m in Sources */ = {isa = PBXBuildFile; fileRef = F5D3630E15A1F0EF003A40B2 /* JUInspectorView.m */; settings = {COMPILER_FLAGS = "-fno-objc-arc"; }; };
		F5D3632515A1F0EF003A40B2 /* JUInspectorViewContainer.m in Sources */ = {isa = PBXBuildFile; fileRef = F5D3631015A1F0EF003A40B2 /* JUInspectorViewContainer.m */; settings = {COMPILER_FLAGS = "-fno-objc-arc"; }; };
		F5D3632615A1F0EF003A40B2 /* JUInspectorViewHeader.m in Sources */ = {isa = PBXBuildFile; fileRef = F5D3631215A1F0EF003A40B2 /* JUInspectorViewHeader.m */; settings = {COMPILER_FLAGS = "-fno-objc-arc"; }; };
		F5D3634015A1F3AF003A40B2 /* DMPlayRecordHandler.m in Sources */ = {isa = PBXBuildFile; fileRef = F5D3633F15A1F3AF003A40B2 /* DMPlayRecordHandler.m */; };
		F5D473BA163D747D00EE35B9 /* DMSearchPanelController.xib in Resources */ = {isa = PBXBuildFile; fileRef = F5D473BC163D747D00EE35B9 /* DMSearchPanelController.xib */; };
		F5E2D0F616005D2400389463 /* DMShortcutsHandler.m in Sources */ = {isa = PBXBuildFile; fileRef = F5E2D0F516005D2400389463 /* DMShortcutsHandler.m */; };
		F5ECCBEC158CC71600512F6A /* DMPopUpButtonCell.m in Sources */ = {isa = PBXBuildFile; fileRef = F5ECCBEB158CC71600512F6A /* DMPopUpButtonCell.m */; };
		F5ECCBEF158CC85600512F6A /* DMPopUpMenuController.m in Sources */ = {isa = PBXBuildFile; fileRef = F5ECCBEE158CC85600512F6A /* DMPopUpMenuController.m */; };
		F5ECCC01158CE39500512F6A /* PLTabPreferenceControl.m in Sources */ = {isa = PBXBuildFile; fileRef = F5ECCC00158CE39500512F6A /* PLTabPreferenceControl.m */; };
		F5ECCC04158CE43100512F6A /* DMPrefsPanelDataProvider.m in Sources */ = {isa = PBXBuildFile; fileRef = F5ECCC03158CE43100512F6A /* DMPrefsPanelDataProvider.m */; };
		F5FC4DA515A31F8E00197D1A /* DMPlayRecordModel.xcdatamodeld in Sources */ = {isa = PBXBuildFile; fileRef = F5FC4DA315A31F8E00197D1A /* DMPlayRecordModel.xcdatamodeld */; };
		FDAB5DF01D1EFB0200F1201A /* DMAuthHelper.swift in Sources */ = {isa = PBXBuildFile; fileRef = FDAB5DEF1D1EFB0200F1201A /* DMAuthHelper.swift */; };
		FDE594851D17015400F0011E /* DMPlaylistFetcher.swift in Sources */ = {isa = PBXBuildFile; fileRef = FDFC97291D16134600F7D474 /* DMPlaylistFetcher.swift */; };
		FDE594861D17015400F0011E /* DMPlayableItem.swift in Sources */ = {isa = PBXBuildFile; fileRef = FD39574D1D1586A40029E923 /* DMPlayableItem.swift */; };
		FDE594871D17015400F0011E /* DMNotificationCenter.swift in Sources */ = {isa = PBXBuildFile; fileRef = FDC7F9A31D15C54400C93642 /* DMNotificationCenter.swift */; };
		FDFC972C1D16226A00F7D474 /* Dictionary+urlEncoding.swift in Sources */ = {isa = PBXBuildFile; fileRef = FDFC972B1D16226A00F7D474 /* Dictionary+urlEncoding.swift */; };
/* End PBXBuildFile section */

/* Begin PBXFileReference section */
		0537EC2A6E69614A89C2C584 /* Pods-diumoo.debug.xcconfig */ = {isa = PBXFileReference; includeInIndex = 1; lastKnownFileType = text.xcconfig; name = "Pods-diumoo.debug.xcconfig"; path = "Target Support Files/Pods-diumoo/Pods-diumoo.debug.xcconfig"; sourceTree = "<group>"; };
		175773FB16A38FB100F6E4C7 /* CoreMedia.framework */ = {isa = PBXFileReference; lastKnownFileType = wrapper.framework; name = CoreMedia.framework; path = System/Library/Frameworks/CoreMedia.framework; sourceTree = SDKROOT; };
		1758595C16A313CA00AAAFBE /* AVFoundation.framework */ = {isa = PBXFileReference; lastKnownFileType = wrapper.framework; name = AVFoundation.framework; path = System/Library/Frameworks/AVFoundation.framework; sourceTree = SDKROOT; };
		177F3CCC1630F42D00FE4780 /* IOKit.framework */ = {isa = PBXFileReference; lastKnownFileType = wrapper.framework; name = IOKit.framework; path = System/Library/Frameworks/IOKit.framework; sourceTree = SDKROOT; };
		178B499216A30B5D00EB642D /* AudioToolbox.framework */ = {isa = PBXFileReference; lastKnownFileType = wrapper.framework; name = AudioToolbox.framework; path = System/Library/Frameworks/AudioToolbox.framework; sourceTree = SDKROOT; };
		179AFA331583916200968BAD /* debugLog.h */ = {isa = PBXFileReference; lastKnownFileType = sourcecode.c.h; path = debugLog.h; sourceTree = "<group>"; };
		1AC4883624E3D81200737B9D /* Base */ = {isa = PBXFileReference; lastKnownFileType = file.xib; name = Base; path = Base.lproj/DMDocumentWindow.xib; sourceTree = "<group>"; };
		1AC4883724E3D81200737B9D /* Base */ = {isa = PBXFileReference; lastKnownFileType = file.xib; name = Base; path = Base.lproj/DMSearchPanelController.xib; sourceTree = "<group>"; };
		1AC4883824E3D81200737B9D /* Base */ = {isa = PBXFileReference; lastKnownFileType = file.xib; name = Base; path = Base.lproj/DMPrefsPanel.xib; sourceTree = "<group>"; };
		1AC4883924E3D81200737B9D /* Base */ = {isa = PBXFileReference; lastKnownFileType = file.xib; name = Base; path = Base.lproj/DMPanelWindowController.xib; sourceTree = "<group>"; };
		1AC4883A24E3D81200737B9D /* Base */ = {isa = PBXFileReference; lastKnownFileType = file.xib; name = Base; path = Base.lproj/MainMenu.xib; sourceTree = "<group>"; };
		3F50FC4215DB4981000E5147 /* DMButton.h */ = {isa = PBXFileReference; fileEncoding = 4; lastKnownFileType = sourcecode.c.h; path = DMButton.h; sourceTree = "<group>"; };
		3F50FC4315DB4981000E5147 /* DMButton.m */ = {isa = PBXFileReference; fileEncoding = 4; lastKnownFileType = sourcecode.c.objc; path = DMButton.m; sourceTree = "<group>"; };
		3F8A956215D9FEE500701895 /* DMPanel.h */ = {isa = PBXFileReference; fileEncoding = 4; lastKnownFileType = sourcecode.c.h; path = DMPanel.h; sourceTree = "<group>"; };
		3F8A956315D9FEE500701895 /* DMPanel.m */ = {isa = PBXFileReference; fileEncoding = 4; lastKnownFileType = sourcecode.c.objc; path = DMPanel.m; sourceTree = "<group>"; };
		3FBE809715D4A632001A3BEC /* DMErrorLog.h */ = {isa = PBXFileReference; fileEncoding = 4; lastKnownFileType = sourcecode.c.h; name = DMErrorLog.h; path = DMErrorLog/DMErrorLog.h; sourceTree = "<group>"; };
		3FBE809815D4A632001A3BEC /* DMErrorLog.m */ = {isa = PBXFileReference; fileEncoding = 4; lastKnownFileType = sourcecode.c.objc; name = DMErrorLog.m; path = DMErrorLog/DMErrorLog.m; sourceTree = "<group>"; };
		41BD4EB51FED50700028B8BC /* DockImageProvider.swift */ = {isa = PBXFileReference; lastKnownFileType = sourcecode.swift; path = DockImageProvider.swift; sourceTree = "<group>"; };
		A59F272867389CDAD17E6CA1 /* libPods-diumoo.a */ = {isa = PBXFileReference; explicitFileType = archive.ar; includeInIndex = 0; path = "libPods-diumoo.a"; sourceTree = BUILT_PRODUCTS_DIR; };
		AB7BCA732F437B9700E53DFF /* DMNetEaseMusicFetcher.swift */ = {isa = PBXFileReference; lastKnownFileType = sourcecode.swift; path = DMNetEaseMusicFetcher.swift; sourceTree = "<group>"; };
		AB7BCA752F44776A00E53DFF /* DMNetEaseAPIClient.swift */ = {isa = PBXFileReference; lastKnownFileType = sourcecode.swift; path = DMNetEaseAPIClient.swift; sourceTree = "<group>"; };
		AB7BCA792F44815500E53DFF /* DMNetEaseCrypto.swift */ = {isa = PBXFileReference; lastKnownFileType = sourcecode.swift; path = DMNetEaseCrypto.swift; sourceTree = "<group>"; };
		AB7BCA7F2F448AFB00E53DFF /* Assets.xcassets */ = {isa = PBXFileReference; lastKnownFileType = folder.assetcatalog; path = Assets.xcassets; sourceTree = "<group>"; };
		ABA7FE132F4494FD0000642A /* NSDictionary+SMKeyValueObserving.h */ = {isa = PBXFileReference; lastKnownFileType = sourcecode.c.h; path = "NSDictionary+SMKeyValueObserving.h"; sourceTree = "<group>"; };
		ABA7FE142F4494FD0000642A /* NSDictionary+SMKeyValueObserving.m */ = {isa = PBXFileReference; lastKnownFileType = sourcecode.c.objc; path = "NSDictionary+SMKeyValueObserving.m"; sourceTree = "<group>"; };
		ABA7FE152F4494FD0000642A /* SMBar.h */ = {isa = PBXFileReference; lastKnownFileType = sourcecode.c.h; path = SMBar.h; sourceTree = "<group>"; };
		ABA7FE162F4494FD0000642A /* SMBar.m */ = {isa = PBXFileReference; lastKnownFileType = sourcecode.c.objc; path = SMBar.m; sourceTree = "<group>"; };
		ABA7FE172F4494FD0000642A /* SMTabBar.h */ = {isa = PBXFileReference; lastKnownFileType = sourcecode.c.h; path = SMTabBar.h; sourceTree = "<group>"; };
		ABA7FE182F4494FD0000642A /* SMTabBar.m */ = {isa = PBXFileReference; lastKnownFileType = sourcecode.c.objc; path = SMTabBar.m; sourceTree = "<group>"; };
		ABA7FE192F4494FD0000642A /* SMTabBarButtonCell.h */ = {isa = PBXFileReference; lastKnownFileType = sourcecode.c.h; path = SMTabBarButtonCell.h; sourceTree = "<group>"; };
		ABA7FE1A2F4494FD0000642A /* SMTabBarButtonCell.m */ = {isa = PBXFileReference; lastKnownFileType = sourcecode.c.objc; path = SMTabBarButtonCell.m; sourceTree = "<group>"; };
		ABA7FE1B2F4494FD0000642A /* SMTabBarItem.h */ = {isa = PBXFileReference; lastKnownFileType = sourcecode.c.h; path = SMTabBarItem.h; sourceTree = "<group>"; };
		ABA7FE1C2F4494FD0000642A /* SMTabBarItem.m */ = {isa = PBXFileReference; lastKnownFileType = sourcecode.c.objc; path = SMTabBarItem.m; sourceTree = "<group>"; };
		ABA7FE1F2F4494FD0000642A /* NSObject+SPInvocationGrabbing.h */ = {isa = PBXFileReference; lastKnownFileType = sourcecode.c.h; path = "NSObject+SPInvocationGrabbing.h"; sourceTree = "<group>"; };
		ABA7FE202F4494FD0000642A /* NSObject+SPInvocationGrabbing.m */ = {isa = PBXFileReference; lastKnownFileType = sourcecode.c.objc; path = "NSObject+SPInvocationGrabbing.m"; sourceTree = "<group>"; };
		ABA7FE222F4494FD0000642A /* SPMediaKeyTap.h */ = {isa = PBXFileReference; lastKnownFileType = sourcecode.c.h; path = SPMediaKeyTap.h; sourceTree = "<group>"; };
		ABA7FE232F4494FD0000642A /* SPMediaKeyTap.m */ = {isa = PBXFileReference; lastKnownFileType = sourcecode.c.objc; path = SPMediaKeyTap.m; sourceTree = "<group>"; };
		EAACB1F82587FEB568BEFB7C /* Pods-diumoo.release.xcconfig */ = {isa = PBXFileReference; includeInIndex = 1; lastKnownFileType = text.xcconfig; name = "Pods-diumoo.release.xcconfig"; path = "Target Support Files/Pods-diumoo/Pods-diumoo.release.xcconfig"; sourceTree = "<group>"; };
		F501B3AF15877062001C6158 /* DMCoverControlView.h */ = {isa = PBXFileReference; fileEncoding = 4; lastKnownFileType = sourcecode.c.h; path = DMCoverControlView.h; sourceTree = "<group>"; };
		F501B3B015877062001C6158 /* DMCoverControlView.m */ = {isa = PBXFileReference; fileEncoding = 4; lastKnownFileType = sourcecode.c.objc; path = DMCoverControlView.m; sourceTree = "<group>"; };
		F501B3B215877062001C6158 /* DMCoverSlide.h */ = {isa = PBXFileReference; fileEncoding = 4; lastKnownFileType = sourcecode.c.h; path = DMCoverSlide.h; sourceTree = "<group>"; };
		F501B3B315877062001C6158 /* DMCoverSlide.m */ = {isa = PBXFileReference; fileEncoding = 4; lastKnownFileType = sourcecode.c.objc; path = DMCoverSlide.m; sourceTree = "<group>"; };
		F501B3BA1587708F001C6158 /* DMPanelWindowController.h */ = {isa = PBXFileReference; fileEncoding = 4; lastKnownFileType = sourcecode.c.h; path = DMPanelWindowController.h; sourceTree = "<group>"; };
		F501B3BB1587708F001C6158 /* DMPanelWindowController.m */ = {isa = PBXFileReference; fileEncoding = 4; lastKnownFileType = sourcecode.c.objc; path = DMPanelWindowController.m; sourceTree = "<group>"; };
		F50A0A6416247A8800664316 /* DMSearchPanelController.h */ = {isa = PBXFileReference; fileEncoding = 4; lastKnownFileType = sourcecode.c.h; name = DMSearchPanelController.h; path = DMSearchPanel/DMSearchPanelController.h; sourceTree = "<group>"; };
		F50A0A6516247A8800664316 /* DMSearchPanelController.m */ = {isa = PBXFileReference; fileEncoding = 4; lastKnownFileType = sourcecode.c.objc; name = DMSearchPanelController.m; path = DMSearchPanel/DMSearchPanelController.m; sourceTree = "<group>"; };
		F5148AAE1580E58D002B3D61 /* diumoo.app */ = {isa = PBXFileReference; explicitFileType = wrapper.application; includeInIndex = 0; path = diumoo.app; sourceTree = BUILT_PRODUCTS_DIR; };
		F5148AB21580E58D002B3D61 /* Cocoa.framework */ = {isa = PBXFileReference; lastKnownFileType = wrapper.framework; name = Cocoa.framework; path = System/Library/Frameworks/Cocoa.framework; sourceTree = SDKROOT; };
		F5148AB51580E58D002B3D61 /* AppKit.framework */ = {isa = PBXFileReference; lastKnownFileType = wrapper.framework; name = AppKit.framework; path = System/Library/Frameworks/AppKit.framework; sourceTree = SDKROOT; };
		F5148AB61580E58D002B3D61 /* CoreData.framework */ = {isa = PBXFileReference; lastKnownFileType = wrapper.framework; name = CoreData.framework; path = System/Library/Frameworks/CoreData.framework; sourceTree = SDKROOT; };
		F5148AB71580E58D002B3D61 /* Foundation.framework */ = {isa = PBXFileReference; lastKnownFileType = wrapper.framework; name = Foundation.framework; path = System/Library/Frameworks/Foundation.framework; sourceTree = SDKROOT; };
		F5148ABA1580E58D002B3D61 /* diumoo-Info.plist */ = {isa = PBXFileReference; lastKnownFileType = text.plist.xml; path = "diumoo-Info.plist"; sourceTree = "<group>"; };
		F5148ABC1580E58D002B3D61 /* en */ = {isa = PBXFileReference; lastKnownFileType = text.plist.strings; name = en; path = en.lproj/InfoPlist.strings; sourceTree = "<group>"; };
		F5148ABE1580E58D002B3D61 /* main.m */ = {isa = PBXFileReference; lastKnownFileType = sourcecode.c.objc; path = main.m; sourceTree = "<group>"; };
		F5148AC01580E58D002B3D61 /* diumoo-Prefix.pch */ = {isa = PBXFileReference; lastKnownFileType = sourcecode.c.h; path = "diumoo-Prefix.pch"; sourceTree = "<group>"; };
		F5148AC21580E58D002B3D61 /* en */ = {isa = PBXFileReference; lastKnownFileType = text.rtf; name = en; path = en.lproj/Credits.rtf; sourceTree = "<group>"; };
		F5148AD21580E5F4002B3D61 /* DMAppDelegate.h */ = {isa = PBXFileReference; fileEncoding = 4; lastKnownFileType = sourcecode.c.h; path = DMAppDelegate.h; sourceTree = "<group>"; };
		F5148AD31580E5F4002B3D61 /* DMAppDelegate.m */ = {isa = PBXFileReference; fileEncoding = 4; lastKnownFileType = sourcecode.c.objc; path = DMAppDelegate.m; sourceTree = "<group>"; };
		F5148AD51580E6AD002B3D61 /* DMApp.h */ = {isa = PBXFileReference; fileEncoding = 4; lastKnownFileType = sourcecode.c.h; path = DMApp.h; sourceTree = "<group>"; };
		F5148AD61580E6AD002B3D61 /* DMApp.m */ = {isa = PBXFileReference; fileEncoding = 4; lastKnownFileType = sourcecode.c.objc; path = DMApp.m; sourceTree = "<group>"; };
		F5148B211580E904002B3D61 /* DMControlCenter.h */ = {isa = PBXFileReference; fileEncoding = 4; lastKnownFileType = sourcecode.c.h; path = DMControlCenter.h; sourceTree = "<group>"; };
		F5148B221580E904002B3D61 /* DMControlCenter.m */ = {isa = PBXFileReference; fileEncoding = 4; lastKnownFileType = sourcecode.c.objc; path = DMControlCenter.m; sourceTree = "<group>"; };
		F5148B2C1580E904002B3D61 /* NSDictionary+UrlEncoding.h */ = {isa = PBXFileReference; fileEncoding = 4; lastKnownFileType = sourcecode.c.h; path = "NSDictionary+UrlEncoding.h"; sourceTree = "<group>"; };
		F5148B2D1580E904002B3D61 /* NSDictionary+UrlEncoding.m */ = {isa = PBXFileReference; fileEncoding = 4; lastKnownFileType = sourcecode.c.objc; path = "NSDictionary+UrlEncoding.m"; sourceTree = "<group>"; };
		F5148B491580EE1F002B3D61 /* Carbon.framework */ = {isa = PBXFileReference; lastKnownFileType = wrapper.framework; name = Carbon.framework; path = System/Library/Frameworks/Carbon.framework; sourceTree = SDKROOT; };
		F5148B4B1580EE4D002B3D61 /* Security.framework */ = {isa = PBXFileReference; lastKnownFileType = wrapper.framework; name = Security.framework; path = System/Library/Frameworks/Security.framework; sourceTree = SDKROOT; };
		F5148B4F1580EE92002B3D61 /* QuartzCore.framework */ = {isa = PBXFileReference; lastKnownFileType = wrapper.framework; name = QuartzCore.framework; path = System/Library/Frameworks/QuartzCore.framework; sourceTree = SDKROOT; };
		F515C15C15B6F07500210826 /* MenubarController.h */ = {isa = PBXFileReference; fileEncoding = 4; lastKnownFileType = sourcecode.c.h; path = MenubarController.h; sourceTree = "<group>"; };
		F515C15D15B6F07500210826 /* MenubarController.m */ = {isa = PBXFileReference; fileEncoding = 4; lastKnownFileType = sourcecode.c.objc; path = MenubarController.m; sourceTree = "<group>"; };
		F515C15E15B6F07500210826 /* StatusItemView.h */ = {isa = PBXFileReference; fileEncoding = 4; lastKnownFileType = sourcecode.c.h; path = StatusItemView.h; sourceTree = "<group>"; };
		F515C15F15B6F07500210826 /* StatusItemView.m */ = {isa = PBXFileReference; fileEncoding = 4; lastKnownFileType = sourcecode.c.objc; path = StatusItemView.m; sourceTree = "<group>"; };
		F53C78DC15CC0AA000201C65 /* DMService.h */ = {isa = PBXFileReference; fileEncoding = 4; lastKnownFileType = sourcecode.c.h; name = DMService.h; path = DMService/DMService.h; sourceTree = "<group>"; };
		F53C78DD15CC0AA000201C65 /* DMService.m */ = {isa = PBXFileReference; fileEncoding = 4; lastKnownFileType = sourcecode.c.objc; name = DMService.m; path = DMService/DMService.m; sourceTree = "<group>"; };
		F53C78E715CC0D0C00201C65 /* NSData+AESCrypt.h */ = {isa = PBXFileReference; fileEncoding = 4; lastKnownFileType = sourcecode.c.h; path = "NSData+AESCrypt.h"; sourceTree = "<group>"; };
		F53C78E815CC0D0C00201C65 /* NSData+AESCrypt.m */ = {isa = PBXFileReference; fileEncoding = 4; lastKnownFileType = sourcecode.c.objc; path = "NSData+AESCrypt.m"; sourceTree = "<group>"; };
		F53C78E915CC0D0C00201C65 /* NSData+Base64.h */ = {isa = PBXFileReference; fileEncoding = 4; lastKnownFileType = sourcecode.c.h; path = "NSData+Base64.h"; sourceTree = "<group>"; };
		F53C78EA15CC0D0C00201C65 /* NSData+Base64.m */ = {isa = PBXFileReference; fileEncoding = 4; lastKnownFileType = sourcecode.c.objc; path = "NSData+Base64.m"; sourceTree = "<group>"; };
		F566F60C15C6E4A200FC7143 /* NSImage+AsyncLoadImage.h */ = {isa = PBXFileReference; fileEncoding = 4; lastKnownFileType = sourcecode.c.h; path = "NSImage+AsyncLoadImage.h"; sourceTree = "<group>"; };
		F566F60D15C6E4A200FC7143 /* NSImage+AsyncLoadImage.m */ = {isa = PBXFileReference; fileEncoding = 4; lastKnownFileType = sourcecode.c.objc; path = "NSImage+AsyncLoadImage.m"; sourceTree = "<group>"; };
		F5959966160637D300FA3C3E /* zh-Hans */ = {isa = PBXFileReference; lastKnownFileType = file.xib; name = "zh-Hans"; path = "zh-Hans.lproj/MainMenu.xib"; sourceTree = "<group>"; };
		F5959967160637D300FA3C3E /* zh-Hans */ = {isa = PBXFileReference; lastKnownFileType = text.plist.strings; name = "zh-Hans"; path = "zh-Hans.lproj/InfoPlist.strings"; sourceTree = "<group>"; };
		F5959968160637D300FA3C3E /* zh-Hans */ = {isa = PBXFileReference; lastKnownFileType = text.rtf; name = "zh-Hans"; path = "zh-Hans.lproj/Credits.rtf"; sourceTree = "<group>"; };
		F5959969160637D300FA3C3E /* zh-Hans */ = {isa = PBXFileReference; lastKnownFileType = file.xib; name = "zh-Hans"; path = "zh-Hans.lproj/DMPrefsPanel.xib"; sourceTree = "<group>"; };
		F595996A160637D300FA3C3E /* zh-Hans */ = {isa = PBXFileReference; lastKnownFileType = file.xib; name = "zh-Hans"; path = "zh-Hans.lproj/DMDocumentWindow.xib"; sourceTree = "<group>"; };
		F595996B160637D300FA3C3E /* zh-Hans */ = {isa = PBXFileReference; lastKnownFileType = file.xib; name = "zh-Hans"; path = "zh-Hans.lproj/DMPanelWindowController.xib"; sourceTree = "<group>"; };
		F595996F1606401600FA3C3E /* en */ = {isa = PBXFileReference; lastKnownFileType = text.plist.strings; name = en; path = en.lproj/Localizable.strings; sourceTree = "<group>"; };
		F59599711606401C00FA3C3E /* zh-Hans */ = {isa = PBXFileReference; lastKnownFileType = text.plist.strings; name = "zh-Hans"; path = "zh-Hans.lproj/Localizable.strings"; sourceTree = "<group>"; };
		F5AF817C163429BB006F15F0 /* DMSearchItemView.h */ = {isa = PBXFileReference; fileEncoding = 4; lastKnownFileType = sourcecode.c.h; name = DMSearchItemView.h; path = DMSearchPanel/DMSearchItemView.h; sourceTree = "<group>"; };
		F5AF817D163429BB006F15F0 /* DMSearchItemView.m */ = {isa = PBXFileReference; fileEncoding = 4; lastKnownFileType = sourcecode.c.objc; name = DMSearchItemView.m; path = DMSearchPanel/DMSearchItemView.m; sourceTree = "<group>"; };
		F5BB89F2159744B80017E6FE /* DMVolumeSlideCell.h */ = {isa = PBXFileReference; fileEncoding = 4; lastKnownFileType = sourcecode.c.h; name = DMVolumeSlideCell.h; path = DMVolumeSlideCell/DMVolumeSlideCell.h; sourceTree = "<group>"; };
		F5BB89F3159744B80017E6FE /* DMVolumeSlideCell.m */ = {isa = PBXFileReference; fileEncoding = 4; lastKnownFileType = sourcecode.c.objc; name = DMVolumeSlideCell.m; path = DMVolumeSlideCell/DMVolumeSlideCell.m; sourceTree = "<group>"; };
		F5D25DD016A999A700ED70CC /* DMBitrateControlLayer.h */ = {isa = PBXFileReference; fileEncoding = 4; lastKnownFileType = sourcecode.c.h; path = DMBitrateControlLayer.h; sourceTree = "<group>"; };
		F5D25DD116A999A700ED70CC /* DMBitrateControlLayer.m */ = {isa = PBXFileReference; fileEncoding = 4; lastKnownFileType = sourcecode.c.objc; path = DMBitrateControlLayer.m; sourceTree = "<group>"; };
		F5D362FE15A1F0EF003A40B2 /* DMDocument.h */ = {isa = PBXFileReference; fileEncoding = 4; lastKnownFileType = sourcecode.c.h; path = DMDocument.h; sourceTree = "<group>"; };
		F5D362FF15A1F0EF003A40B2 /* DMDocument.m */ = {isa = PBXFileReference; fileEncoding = 4; lastKnownFileType = sourcecode.c.objc; path = DMDocument.m; sourceTree = "<group>"; };
		F5D3630215A1F0EF003A40B2 /* DMDetailViewController.h */ = {isa = PBXFileReference; fileEncoding = 4; lastKnownFileType = sourcecode.c.h; path = DMDetailViewController.h; sourceTree = "<group>"; };
		F5D3630315A1F0EF003A40B2 /* DMDetailViewController.m */ = {isa = PBXFileReference; fileEncoding = 4; lastKnownFileType = sourcecode.c.objc; path = DMDetailViewController.m; sourceTree = "<group>"; };
		F5D3630515A1F0EF003A40B2 /* DMDocumentWindowController.h */ = {isa = PBXFileReference; fileEncoding = 4; lastKnownFileType = sourcecode.c.h; path = DMDocumentWindowController.h; sourceTree = "<group>"; };
		F5D3630615A1F0EF003A40B2 /* DMDocumentWindowController.m */ = {isa = PBXFileReference; fileEncoding = 4; lastKnownFileType = sourcecode.c.objc; path = DMDocumentWindowController.m; sourceTree = "<group>"; };
		F5D3630B15A1F0EF003A40B2 /* JUInspectorBaseView.h */ = {isa = PBXFileReference; fileEncoding = 4; lastKnownFileType = sourcecode.c.h; path = JUInspectorBaseView.h; sourceTree = "<group>"; };
		F5D3630C15A1F0EF003A40B2 /* JUInspectorBaseView.m */ = {isa = PBXFileReference; fileEncoding = 4; lastKnownFileType = sourcecode.c.objc; path = JUInspectorBaseView.m; sourceTree = "<group>"; };
		F5D3630D15A1F0EF003A40B2 /* JUInspectorView.h */ = {isa = PBXFileReference; fileEncoding = 4; lastKnownFileType = sourcecode.c.h; path = JUInspectorView.h; sourceTree = "<group>"; };
		F5D3630E15A1F0EF003A40B2 /* JUInspectorView.m */ = {isa = PBXFileReference; fileEncoding = 4; lastKnownFileType = sourcecode.c.objc; path = JUInspectorView.m; sourceTree = "<group>"; };
		F5D3630F15A1F0EF003A40B2 /* JUInspectorViewContainer.h */ = {isa = PBXFileReference; fileEncoding = 4; lastKnownFileType = sourcecode.c.h; path = JUInspectorViewContainer.h; sourceTree = "<group>"; };
		F5D3631015A1F0EF003A40B2 /* JUInspectorViewContainer.m */ = {isa = PBXFileReference; fileEncoding = 4; lastKnownFileType = sourcecode.c.objc; path = JUInspectorViewContainer.m; sourceTree = "<group>"; };
		F5D3631115A1F0EF003A40B2 /* JUInspectorViewHeader.h */ = {isa = PBXFileReference; fileEncoding = 4; lastKnownFileType = sourcecode.c.h; path = JUInspectorViewHeader.h; sourceTree = "<group>"; };
		F5D3631215A1F0EF003A40B2 /* JUInspectorViewHeader.m */ = {isa = PBXFileReference; fileEncoding = 4; lastKnownFileType = sourcecode.c.objc; path = JUInspectorViewHeader.m; sourceTree = "<group>"; };
		F5D3633E15A1F3AF003A40B2 /* DMPlayRecordHandler.h */ = {isa = PBXFileReference; fileEncoding = 4; lastKnownFileType = sourcecode.c.h; name = DMPlayRecordHandler.h; path = DMPlayRecordHandler/DMPlayRecordHandler.h; sourceTree = "<group>"; };
		F5D3633F15A1F3AF003A40B2 /* DMPlayRecordHandler.m */ = {isa = PBXFileReference; fileEncoding = 4; lastKnownFileType = sourcecode.c.objc; name = DMPlayRecordHandler.m; path = DMPlayRecordHandler/DMPlayRecordHandler.m; sourceTree = "<group>"; };
		F5D473BE163D74A100EE35B9 /* zh-Hans */ = {isa = PBXFileReference; lastKnownFileType = file.xib; name = "zh-Hans"; path = "zh-Hans.lproj/DMSearchPanelController.xib"; sourceTree = "<group>"; };
		F5E2D0F416005D2400389463 /* DMShortcutsHandler.h */ = {isa = PBXFileReference; fileEncoding = 4; lastKnownFileType = sourcecode.c.h; path = DMShortcutsHandler.h; sourceTree = "<group>"; };
		F5E2D0F516005D2400389463 /* DMShortcutsHandler.m */ = {isa = PBXFileReference; fileEncoding = 4; lastKnownFileType = sourcecode.c.objc; path = DMShortcutsHandler.m; sourceTree = "<group>"; };
		F5ECCBEA158CC71600512F6A /* DMPopUpButtonCell.h */ = {isa = PBXFileReference; fileEncoding = 4; lastKnownFileType = sourcecode.c.h; path = DMPopUpButtonCell.h; sourceTree = "<group>"; };
		F5ECCBEB158CC71600512F6A /* DMPopUpButtonCell.m */ = {isa = PBXFileReference; fileEncoding = 4; lastKnownFileType = sourcecode.c.objc; path = DMPopUpButtonCell.m; sourceTree = "<group>"; };
		F5ECCBED158CC85600512F6A /* DMPopUpMenuController.h */ = {isa = PBXFileReference; fileEncoding = 4; lastKnownFileType = sourcecode.c.h; path = DMPopUpMenuController.h; sourceTree = "<group>"; };
		F5ECCBEE158CC85600512F6A /* DMPopUpMenuController.m */ = {isa = PBXFileReference; fileEncoding = 4; lastKnownFileType = sourcecode.c.objc; path = DMPopUpMenuController.m; sourceTree = "<group>"; };
		F5ECCBFF158CE39500512F6A /* PLTabPreferenceControl.h */ = {isa = PBXFileReference; fileEncoding = 4; lastKnownFileType = sourcecode.c.h; path = PLTabPreferenceControl.h; sourceTree = "<group>"; };
		F5ECCC00158CE39500512F6A /* PLTabPreferenceControl.m */ = {isa = PBXFileReference; fileEncoding = 4; lastKnownFileType = sourcecode.c.objc; path = PLTabPreferenceControl.m; sourceTree = "<group>"; };
		F5ECCC02158CE43100512F6A /* DMPrefsPanelDataProvider.h */ = {isa = PBXFileReference; fileEncoding = 4; lastKnownFileType = sourcecode.c.h; path = DMPrefsPanelDataProvider.h; sourceTree = "<group>"; };
		F5ECCC03158CE43100512F6A /* DMPrefsPanelDataProvider.m */ = {isa = PBXFileReference; fileEncoding = 4; lastKnownFileType = sourcecode.c.objc; path = DMPrefsPanelDataProvider.m; sourceTree = "<group>"; };
		F5FC4DA415A31F8E00197D1A /* DMPlayRecordModel.xcdatamodel */ = {isa = PBXFileReference; lastKnownFileType = wrapper.xcdatamodel; path = DMPlayRecordModel.xcdatamodel; sourceTree = "<group>"; };
		FD39574D1D1586A40029E923 /* DMPlayableItem.swift */ = {isa = PBXFileReference; fileEncoding = 4; lastKnownFileType = sourcecode.swift; path = DMPlayableItem.swift; sourceTree = "<group>"; };
		FD3957501D15946C0029E923 /* diumoo-Bridging-Header.h */ = {isa = PBXFileReference; lastKnownFileType = sourcecode.c.h; path = "diumoo-Bridging-Header.h"; sourceTree = "<group>"; };
		FDAB5DEF1D1EFB0200F1201A /* DMAuthHelper.swift */ = {isa = PBXFileReference; fileEncoding = 4; lastKnownFileType = sourcecode.swift; path = DMAuthHelper.swift; sourceTree = "<group>"; };
		FDC7F9A31D15C54400C93642 /* DMNotificationCenter.swift */ = {isa = PBXFileReference; fileEncoding = 4; lastKnownFileType = sourcecode.swift; path = DMNotificationCenter.swift; sourceTree = "<group>"; };
		FDCFE29C1D0DB29D00B7F668 /* libxml2.2.dylib */ = {isa = PBXFileReference; lastKnownFileType = "compiled.mach-o.dylib"; name = libxml2.2.dylib; path = ../../../../../usr/lib/libxml2.2.dylib; sourceTree = "<group>"; };
		FDFC97291D16134600F7D474 /* DMPlaylistFetcher.swift */ = {isa = PBXFileReference; fileEncoding = 4; lastKnownFileType = sourcecode.swift; path = DMPlaylistFetcher.swift; sourceTree = "<group>"; };
		FDFC972B1D16226A00F7D474 /* Dictionary+urlEncoding.swift */ = {isa = PBXFileReference; fileEncoding = 4; lastKnownFileType = sourcecode.swift; path = "Dictionary+urlEncoding.swift"; sourceTree = "<group>"; };
/* End PBXFileReference section */

/* Begin PBXFrameworksBuildPhase section */
		F5148AAB1580E58D002B3D61 /* Frameworks */ = {
			isa = PBXFrameworksBuildPhase;
			buildActionMask = 2147483647;
			files = (
				175773FC16A38FB100F6E4C7 /* CoreMedia.framework in Frameworks */,
				1758595D16A313CA00AAAFBE /* AVFoundation.framework in Frameworks */,
				177F3CCD1630F42D00FE4780 /* IOKit.framework in Frameworks */,
				F5148B501580EE92002B3D61 /* QuartzCore.framework in Frameworks */,
				F5148B4C1580EE4D002B3D61 /* Security.framework in Frameworks */,
				F5148B4A1580EE1F002B3D61 /* Carbon.framework in Frameworks */,
				F5148AB31580E58D002B3D61 /* Cocoa.framework in Frameworks */,
				EE5D50E6A8EC19578E7FD131 /* libPods-diumoo.a in Frameworks */,
			);
			runOnlyForDeploymentPostprocessing = 0;
		};
/* End PBXFrameworksBuildPhase section */

/* Begin PBXGroup section */
		030B3033FE6F162F111D8A91 /* Pods */ = {
			isa = PBXGroup;
			children = (
				0537EC2A6E69614A89C2C584 /* Pods-diumoo.debug.xcconfig */,
				EAACB1F82587FEB568BEFB7C /* Pods-diumoo.release.xcconfig */,
			);
			path = Pods;
			sourceTree = "<group>";
		};
		3F50FC4115DB4981000E5147 /* DMButton */ = {
			isa = PBXGroup;
			children = (
				3F50FC4215DB4981000E5147 /* DMButton.h */,
				3F50FC4315DB4981000E5147 /* DMButton.m */,
			);
			path = DMButton;
			sourceTree = "<group>";
		};
		3FBE809515D4A615001A3BEC /* DMErrorLog */ = {
			isa = PBXGroup;
			children = (
				3FBE809715D4A632001A3BEC /* DMErrorLog.h */,
				3FBE809815D4A632001A3BEC /* DMErrorLog.m */,
			);
			name = DMErrorLog;
			sourceTree = "<group>";
		};
		41BD4EB41FED505C0028B8BC /* DockIcon */ = {
			isa = PBXGroup;
			children = (
				41BD4EB51FED50700028B8BC /* DockImageProvider.swift */,
			);
			path = DockIcon;
			sourceTree = "<group>";
		};
		ABA7FE1D2F4494FD0000642A /* InspectorTabBar */ = {
			isa = PBXGroup;
			children = (
				ABA7FE132F4494FD0000642A /* NSDictionary+SMKeyValueObserving.h */,
				ABA7FE142F4494FD0000642A /* NSDictionary+SMKeyValueObserving.m */,
				ABA7FE152F4494FD0000642A /* SMBar.h */,
				ABA7FE162F4494FD0000642A /* SMBar.m */,
				ABA7FE172F4494FD0000642A /* SMTabBar.h */,
				ABA7FE182F4494FD0000642A /* SMTabBar.m */,
				ABA7FE192F4494FD0000642A /* SMTabBarButtonCell.h */,
				ABA7FE1A2F4494FD0000642A /* SMTabBarButtonCell.m */,
				ABA7FE1B2F4494FD0000642A /* SMTabBarItem.h */,
				ABA7FE1C2F4494FD0000642A /* SMTabBarItem.m */,
			);
			path = InspectorTabBar;
			sourceTree = "<group>";
		};
		ABA7FE1E2F4494FD0000642A /* SMTabBar */ = {
			isa = PBXGroup;
			children = (
				ABA7FE1D2F4494FD0000642A /* InspectorTabBar */,
			);
			path = SMTabBar;
			sourceTree = "<group>";
		};
		ABA7FE212F4494FD0000642A /* SPInvocationGrabbing */ = {
			isa = PBXGroup;
			children = (
				ABA7FE1F2F4494FD0000642A /* NSObject+SPInvocationGrabbing.h */,
				ABA7FE202F4494FD0000642A /* NSObject+SPInvocationGrabbing.m */,
			);
			path = SPInvocationGrabbing;
			sourceTree = "<group>";
		};
		ABA7FE242F4494FD0000642A /* SPMediaKeyTap */ = {
			isa = PBXGroup;
			children = (
				ABA7FE212F4494FD0000642A /* SPInvocationGrabbing */,
				ABA7FE222F4494FD0000642A /* SPMediaKeyTap.h */,
				ABA7FE232F4494FD0000642A /* SPMediaKeyTap.m */,
			);
			path = SPMediaKeyTap;
			sourceTree = "<group>";
		};
		F501B3AC15877062001C6158 /* ui */ = {
			isa = PBXGroup;
			children = (
				41BD4EB41FED505C0028B8BC /* DockIcon */,
				F50A0A581624768500664316 /* DMSearchPanel */,
				F5ECCBF4158CDF0000512F6A /* DMPrefsPanel */,
				F501B3AD15877062001C6158 /* DMPanel */,
			);
			path = ui;
			sourceTree = "<group>";
		};
		F501B3AD15877062001C6158 /* DMPanel */ = {
			isa = PBXGroup;
			children = (
				3F50FC4115DB4981000E5147 /* DMButton */,
				F5BB89F01597447F0017E6FE /* DMVolumeSlideCell */,
				F5ECCBE9158CC71600512F6A /* DMPopUpButtonCell */,
				F5D25DCF16A999A700ED70CC /* DMBitrateControlLayer */,
				F501B3AE15877062001C6158 /* DMCoverControlView */,
				F501B3B115877062001C6158 /* DMCoverSlide */,
				F501B3BA1587708F001C6158 /* DMPanelWindowController.h */,
				F501B3BB1587708F001C6158 /* DMPanelWindowController.m */,
				F5959965160636BC00FA3C3E /* DMPanelWindowController.xib */,
				3F8A956215D9FEE500701895 /* DMPanel.h */,
				3F8A956315D9FEE500701895 /* DMPanel.m */,
			);
			path = DMPanel;
			sourceTree = "<group>";
		};
		F501B3AE15877062001C6158 /* DMCoverControlView */ = {
			isa = PBXGroup;
			children = (
				F501B3AF15877062001C6158 /* DMCoverControlView.h */,
				F501B3B015877062001C6158 /* DMCoverControlView.m */,
			);
			path = DMCoverControlView;
			sourceTree = "<group>";
		};
		F501B3B115877062001C6158 /* DMCoverSlide */ = {
			isa = PBXGroup;
			children = (
				F501B3B215877062001C6158 /* DMCoverSlide.h */,
				F501B3B315877062001C6158 /* DMCoverSlide.m */,
			);
			path = DMCoverSlide;
			sourceTree = "<group>";
		};
		F50A0A581624768500664316 /* DMSearchPanel */ = {
			isa = PBXGroup;
			children = (
				F50A0A6416247A8800664316 /* DMSearchPanelController.h */,
				F50A0A6516247A8800664316 /* DMSearchPanelController.m */,
				F5D473BC163D747D00EE35B9 /* DMSearchPanelController.xib */,
				F5AF817C163429BB006F15F0 /* DMSearchItemView.h */,
				F5AF817D163429BB006F15F0 /* DMSearchItemView.m */,
			);
			name = DMSearchPanel;
			sourceTree = "<group>";
		};
		F5148AA31580E58D002B3D61 = {
			isa = PBXGroup;
			children = (
				F5148AB81580E58D002B3D61 /* diumoo */,
				F5148AD81580E707002B3D61 /* extern */,
				F5148AB11580E58D002B3D61 /* Frameworks */,
				F5148AAF1580E58D002B3D61 /* Products */,
				030B3033FE6F162F111D8A91 /* Pods */,
			);
			sourceTree = "<group>";
		};
		F5148AAF1580E58D002B3D61 /* Products */ = {
			isa = PBXGroup;
			children = (
				F5148AAE1580E58D002B3D61 /* diumoo.app */,
			);
			name = Products;
			sourceTree = "<group>";
		};
		F5148AB11580E58D002B3D61 /* Frameworks */ = {
			isa = PBXGroup;
			children = (
				FDCFE29C1D0DB29D00B7F668 /* libxml2.2.dylib */,
				175773FB16A38FB100F6E4C7 /* CoreMedia.framework */,
				1758595C16A313CA00AAAFBE /* AVFoundation.framework */,
				178B499216A30B5D00EB642D /* AudioToolbox.framework */,
				177F3CCC1630F42D00FE4780 /* IOKit.framework */,
				F5148B4F1580EE92002B3D61 /* QuartzCore.framework */,
				F5148B4B1580EE4D002B3D61 /* Security.framework */,
				F5148B491580EE1F002B3D61 /* Carbon.framework */,
				F5148AB21580E58D002B3D61 /* Cocoa.framework */,
				F5148AB41580E58D002B3D61 /* Other Frameworks */,
				A59F272867389CDAD17E6CA1 /* libPods-diumoo.a */,
			);
			name = Frameworks;
			sourceTree = "<group>";
		};
		F5148AB41580E58D002B3D61 /* Other Frameworks */ = {
			isa = PBXGroup;
			children = (
				F5148AB51580E58D002B3D61 /* AppKit.framework */,
				F5148AB61580E58D002B3D61 /* CoreData.framework */,
				F5148AB71580E58D002B3D61 /* Foundation.framework */,
			);
			name = "Other Frameworks";
			sourceTree = "<group>";
		};
		F5148AB81580E58D002B3D61 /* diumoo */ = {
			isa = PBXGroup;
			children = (
				F5D362FD15A1F0EF003A40B2 /* DMDocument */,
				F501B3AC15877062001C6158 /* ui */,
				F5148B1F1580E904002B3D61 /* core */,
				F5148AD21580E5F4002B3D61 /* DMAppDelegate.h */,
				F5148AD31580E5F4002B3D61 /* DMAppDelegate.m */,
				F5148ACA1580E58E002B3D61 /* MainMenu.xib */,
				F5148AB91580E58D002B3D61 /* Supporting Files */,
			);
			path = diumoo;
			sourceTree = "<group>";
		};
		F5148AB91580E58D002B3D61 /* Supporting Files */ = {
			isa = PBXGroup;
			children = (
				AB7BCA7F2F448AFB00E53DFF /* Assets.xcassets */,
				FD3957501D15946C0029E923 /* diumoo-Bridging-Header.h */,
				179AFA331583916200968BAD /* debugLog.h */,
				F5148AD51580E6AD002B3D61 /* DMApp.h */,
				F5148AD61580E6AD002B3D61 /* DMApp.m */,
				F5148ABE1580E58D002B3D61 /* main.m */,
				F5148ABA1580E58D002B3D61 /* diumoo-Info.plist */,
				F5148ABB1580E58D002B3D61 /* InfoPlist.strings */,
				F5148AC01580E58D002B3D61 /* diumoo-Prefix.pch */,
				F5148AC11580E58D002B3D61 /* Credits.rtf */,
				F59599701606401600FA3C3E /* Localizable.strings */,
			);
			name = "Supporting Files";
			sourceTree = "<group>";
		};
		F5148AD81580E707002B3D61 /* extern */ = {
			isa = PBXGroup;
			children = (
				ABA7FE1E2F4494FD0000642A /* SMTabBar */,
				ABA7FE242F4494FD0000642A /* SPMediaKeyTap */,
				F5ECCBFE158CE39500512F6A /* PLTabPreference */,
				F515C15B15B6F07500210826 /* StatusItem */,
				F5D3630A15A1F0EF003A40B2 /* JUInspectorView */,
			);
			path = extern;
			sourceTree = "<group>";
		};
		F5148B1F1580E904002B3D61 /* core */ = {
			isa = PBXGroup;
			children = (
				AB7BCA752F44776A00E53DFF /* DMNetEaseAPIClient.swift */,
				AB7BCA792F44815500E53DFF /* DMNetEaseCrypto.swift */,
				AB7BCA732F437B9700E53DFF /* DMNetEaseMusicFetcher.swift */,
				FDFC97291D16134600F7D474 /* DMPlaylistFetcher.swift */,
				FD39574D1D1586A40029E923 /* DMPlayableItem.swift */,
				FDC7F9A31D15C54400C93642 /* DMNotificationCenter.swift */,
				FDAB5DEF1D1EFB0200F1201A /* DMAuthHelper.swift */,
				F5E2D0F316005D2400389463 /* DMShortcutsHandler */,
				3FBE809515D4A615001A3BEC /* DMErrorLog */,
				F53C78E015CC0AA700201C65 /* DMService */,
				F5D3633D15A1F379003A40B2 /* DMPlayRecordHandler */,
				F5148B201580E904002B3D61 /* DMControlCenter */,
				F5148B2B1580E904002B3D61 /* DMUtils */,
			);
			path = core;
			sourceTree = "<group>";
		};
		F5148B201580E904002B3D61 /* DMControlCenter */ = {
			isa = PBXGroup;
			children = (
				F5148B211580E904002B3D61 /* DMControlCenter.h */,
				F5148B221580E904002B3D61 /* DMControlCenter.m */,
			);
			path = DMControlCenter;
			sourceTree = "<group>";
		};
		F5148B2B1580E904002B3D61 /* DMUtils */ = {
			isa = PBXGroup;
			children = (
				F53C78E715CC0D0C00201C65 /* NSData+AESCrypt.h */,
				F53C78E815CC0D0C00201C65 /* NSData+AESCrypt.m */,
				F53C78E915CC0D0C00201C65 /* NSData+Base64.h */,
				F53C78EA15CC0D0C00201C65 /* NSData+Base64.m */,
				F5148B2C1580E904002B3D61 /* NSDictionary+UrlEncoding.h */,
				F5148B2D1580E904002B3D61 /* NSDictionary+UrlEncoding.m */,
				F566F60C15C6E4A200FC7143 /* NSImage+AsyncLoadImage.h */,
				F566F60D15C6E4A200FC7143 /* NSImage+AsyncLoadImage.m */,
				FDFC972B1D16226A00F7D474 /* Dictionary+urlEncoding.swift */,
			);
			path = DMUtils;
			sourceTree = "<group>";
		};
		F515C15B15B6F07500210826 /* StatusItem */ = {
			isa = PBXGroup;
			children = (
				F515C15C15B6F07500210826 /* MenubarController.h */,
				F515C15D15B6F07500210826 /* MenubarController.m */,
				F515C15E15B6F07500210826 /* StatusItemView.h */,
				F515C15F15B6F07500210826 /* StatusItemView.m */,
			);
			path = StatusItem;
			sourceTree = "<group>";
		};
		F53C78E015CC0AA700201C65 /* DMService */ = {
			isa = PBXGroup;
			children = (
				F53C78DC15CC0AA000201C65 /* DMService.h */,
				F53C78DD15CC0AA000201C65 /* DMService.m */,
			);
			name = DMService;
			sourceTree = "<group>";
		};
		F5BB89F01597447F0017E6FE /* DMVolumeSlideCell */ = {
			isa = PBXGroup;
			children = (
				F5BB89F2159744B80017E6FE /* DMVolumeSlideCell.h */,
				F5BB89F3159744B80017E6FE /* DMVolumeSlideCell.m */,
			);
			name = DMVolumeSlideCell;
			sourceTree = "<group>";
		};
		F5D25DCF16A999A700ED70CC /* DMBitrateControlLayer */ = {
			isa = PBXGroup;
			children = (
				F5D25DD016A999A700ED70CC /* DMBitrateControlLayer.h */,
				F5D25DD116A999A700ED70CC /* DMBitrateControlLayer.m */,
			);
			path = DMBitrateControlLayer;
			sourceTree = "<group>";
		};
		F5D362FD15A1F0EF003A40B2 /* DMDocument */ = {
			isa = PBXGroup;
			children = (
				F5D362FE15A1F0EF003A40B2 /* DMDocument.h */,
				F5D362FF15A1F0EF003A40B2 /* DMDocument.m */,
				F5D3630015A1F0EF003A40B2 /* DMDocumentWindowController */,
			);
			path = DMDocument;
			sourceTree = "<group>";
		};
		F5D3630015A1F0EF003A40B2 /* DMDocumentWindowController */ = {
			isa = PBXGroup;
			children = (
				F5D3630115A1F0EF003A40B2 /* DMDetailViewController */,
				F595995E1606369100FA3C3E /* DMDocumentWindow.xib */,
				F5D3630515A1F0EF003A40B2 /* DMDocumentWindowController.h */,
				F5D3630615A1F0EF003A40B2 /* DMDocumentWindowController.m */,
			);
			path = DMDocumentWindowController;
			sourceTree = "<group>";
		};
		F5D3630115A1F0EF003A40B2 /* DMDetailViewController */ = {
			isa = PBXGroup;
			children = (
				F5D3630215A1F0EF003A40B2 /* DMDetailViewController.h */,
				F5D3630315A1F0EF003A40B2 /* DMDetailViewController.m */,
			);
			path = DMDetailViewController;
			sourceTree = "<group>";
		};
		F5D3630A15A1F0EF003A40B2 /* JUInspectorView */ = {
			isa = PBXGroup;
			children = (
				F5D3630B15A1F0EF003A40B2 /* JUInspectorBaseView.h */,
				F5D3630C15A1F0EF003A40B2 /* JUInspectorBaseView.m */,
				F5D3630D15A1F0EF003A40B2 /* JUInspectorView.h */,
				F5D3630E15A1F0EF003A40B2 /* JUInspectorView.m */,
				F5D3630F15A1F0EF003A40B2 /* JUInspectorViewContainer.h */,
				F5D3631015A1F0EF003A40B2 /* JUInspectorViewContainer.m */,
				F5D3631115A1F0EF003A40B2 /* JUInspectorViewHeader.h */,
				F5D3631215A1F0EF003A40B2 /* JUInspectorViewHeader.m */,
			);
			name = JUInspectorView;
			path = ../diumoo/DMDocument/JUInspectorView;
			sourceTree = "<group>";
		};
		F5D3633D15A1F379003A40B2 /* DMPlayRecordHandler */ = {
			isa = PBXGroup;
			children = (
				F5D3633E15A1F3AF003A40B2 /* DMPlayRecordHandler.h */,
				F5D3633F15A1F3AF003A40B2 /* DMPlayRecordHandler.m */,
				F5FC4DA315A31F8E00197D1A /* DMPlayRecordModel.xcdatamodeld */,
			);
			name = DMPlayRecordHandler;
			sourceTree = "<group>";
		};
		F5E2D0F316005D2400389463 /* DMShortcutsHandler */ = {
			isa = PBXGroup;
			children = (
				F5E2D0F416005D2400389463 /* DMShortcutsHandler.h */,
				F5E2D0F516005D2400389463 /* DMShortcutsHandler.m */,
			);
			path = DMShortcutsHandler;
			sourceTree = "<group>";
		};
		F5ECCBE9158CC71600512F6A /* DMPopUpButtonCell */ = {
			isa = PBXGroup;
			children = (
				F5ECCBEA158CC71600512F6A /* DMPopUpButtonCell.h */,
				F5ECCBEB158CC71600512F6A /* DMPopUpButtonCell.m */,
				F5ECCBED158CC85600512F6A /* DMPopUpMenuController.h */,
				F5ECCBEE158CC85600512F6A /* DMPopUpMenuController.m */,
			);
			path = DMPopUpButtonCell;
			sourceTree = "<group>";
		};
		F5ECCBF4158CDF0000512F6A /* DMPrefsPanel */ = {
			isa = PBXGroup;
			children = (
				F5959962160636AC00FA3C3E /* DMPrefsPanel.xib */,
				F5ECCC02158CE43100512F6A /* DMPrefsPanelDataProvider.h */,
				F5ECCC03158CE43100512F6A /* DMPrefsPanelDataProvider.m */,
			);
			path = DMPrefsPanel;
			sourceTree = "<group>";
		};
		F5ECCBFE158CE39500512F6A /* PLTabPreference */ = {
			isa = PBXGroup;
			children = (
				F5ECCBFF158CE39500512F6A /* PLTabPreferenceControl.h */,
				F5ECCC00158CE39500512F6A /* PLTabPreferenceControl.m */,
			);
			path = PLTabPreference;
			sourceTree = "<group>";
		};
/* End PBXGroup section */

/* Begin PBXNativeTarget section */
		F5148AAD1580E58D002B3D61 /* diumoo */ = {
			isa = PBXNativeTarget;
			buildConfigurationList = F5148ACF1580E58E002B3D61 /* Build configuration list for PBXNativeTarget "diumoo" */;
			buildPhases = (
				8C4DA710AF180CAF059A579A /* [CP] Check Pods Manifest.lock */,
				F5148AAA1580E58D002B3D61 /* Sources */,
				F5148AAB1580E58D002B3D61 /* Frameworks */,
				F5148AAC1580E58D002B3D61 /* Resources */,
				772C4D6A3AE9309936097609 /* [CP] Copy Pods Resources */,
			);
			buildRules = (
			);
			dependencies = (
			);
			name = diumoo;
			productName = diumoo;
			productReference = F5148AAE1580E58D002B3D61 /* diumoo.app */;
			productType = "com.apple.product-type.application";
		};
/* End PBXNativeTarget section */

/* Begin PBXProject section */
		F5148AA51580E58D002B3D61 /* Project object */ = {
			isa = PBXProject;
			attributes = {
				BuildIndependentTargetsInParallel = YES;
				CLASSPREFIX = DM;
				LastUpgradeCheck = 2620;
				TargetAttributes = {
					F5148AAD1580E58D002B3D61 = {
						DevelopmentTeam = BPRT8L8NAK;
						LastSwiftMigration = 1160;
						ProvisioningStyle = Automatic;
						SystemCapabilities = {
							com.apple.Sandbox = {
								enabled = 0;
							};
						};
					};
				};
			};
			buildConfigurationList = F5148AA81580E58D002B3D61 /* Build configuration list for PBXProject "diumoo" */;
			compatibilityVersion = "Xcode 3.2";
			developmentRegion = en;
			hasScannedForEncodings = 0;
			knownRegions = (
				en,
				"zh-Hans",
				Base,
			);
			mainGroup = F5148AA31580E58D002B3D61;
			productRefGroup = F5148AAF1580E58D002B3D61 /* Products */;
			projectDirPath = "";
			projectRoot = "";
			targets = (
				F5148AAD1580E58D002B3D61 /* diumoo */,
			);
		};
/* End PBXProject section */

/* Begin PBXResourcesBuildPhase section */
		F5148AAC1580E58D002B3D61 /* Resources */ = {
			isa = PBXResourcesBuildPhase;
			buildActionMask = 2147483647;
			files = (
				F5148ABD1580E58D002B3D61 /* InfoPlist.strings in Resources */,
				F5148AC31580E58D002B3D61 /* Credits.rtf in Resources */,
				F5148ACC1580E58E002B3D61 /* MainMenu.xib in Resources */,
				F5959963160636BC00FA3C3E /* DMPanelWindowController.xib in Resources */,
				F5959960160636AC00FA3C3E /* DMPrefsPanel.xib in Resources */,
				F595995C1606369100FA3C3E /* DMDocumentWindow.xib in Resources */,
				F595996E1606401600FA3C3E /* Localizable.strings in Resources */,
				AB7BCA802F448AFB00E53DFF /* Assets.xcassets in Resources */,
				F5D473BA163D747D00EE35B9 /* DMSearchPanelController.xib in Resources */,
			);
			runOnlyForDeploymentPostprocessing = 0;
		};
/* End PBXResourcesBuildPhase section */

/* Begin PBXShellScriptBuildPhase section */
		772C4D6A3AE9309936097609 /* [CP] Copy Pods Resources */ = {
			isa = PBXShellScriptBuildPhase;
			buildActionMask = 2147483647;
			files = (
			);
			inputPaths = (
				"${PODS_ROOT}/Target Support Files/Pods-diumoo/Pods-diumoo-resources.sh",
				"${PODS_CONFIGURATION_BUILD_DIR}/MASShortcut/MASShortcut.bundle",
			);
			name = "[CP] Copy Pods Resources";
			outputPaths = (
				"${TARGET_BUILD_DIR}/${UNLOCALIZED_RESOURCES_FOLDER_PATH}/MASShortcut.bundle",
			);
			runOnlyForDeploymentPostprocessing = 0;
			shellPath = /bin/sh;
			shellScript = "\"${PODS_ROOT}/Target Support Files/Pods-diumoo/Pods-diumoo-resources.sh\"\n";
			showEnvVarsInLog = 0;
		};
		8C4DA710AF180CAF059A579A /* [CP] Check Pods Manifest.lock */ = {
			isa = PBXShellScriptBuildPhase;
			buildActionMask = 2147483647;
			files = (
			);
			inputFileListPaths = (
			);
			inputPaths = (
				"${PODS_PODFILE_DIR_PATH}/Podfile.lock",
				"${PODS_ROOT}/Manifest.lock",
			);
			name = "[CP] Check Pods Manifest.lock";
			outputFileListPaths = (
			);
			outputPaths = (
				"$(DERIVED_FILE_DIR)/Pods-diumoo-checkManifestLockResult.txt",
			);
			runOnlyForDeploymentPostprocessing = 0;
			shellPath = /bin/sh;
			shellScript = "diff \"${PODS_PODFILE_DIR_PATH}/Podfile.lock\" \"${PODS_ROOT}/Manifest.lock\" > /dev/null\nif [ $? != 0 ] ; then\n    # print error to STDERR\n    echo \"error: The sandbox is not in sync with the Podfile.lock. Run 'pod install' or update your CocoaPods installation.\" >&2\n    exit 1\nfi\n# This output is used by Xcode 'outputs' to avoid re-running this script phase.\necho \"SUCCESS\" > \"${SCRIPT_OUTPUT_FILE_0}\"\n";
			showEnvVarsInLog = 0;
		};
/* End PBXShellScriptBuildPhase section */

/* Begin PBXSourcesBuildPhase section */
		F5148AAA1580E58D002B3D61 /* Sources */ = {
			isa = PBXSourcesBuildPhase;
			buildActionMask = 2147483647;
			files = (
				FDE594851D17015400F0011E /* DMPlaylistFetcher.swift in Sources */,
				FDE594861D17015400F0011E /* DMPlayableItem.swift in Sources */,
				FDE594871D17015400F0011E /* DMNotificationCenter.swift in Sources */,
				FDFC972C1D16226A00F7D474 /* Dictionary+urlEncoding.swift in Sources */,
				F5148ABF1580E58D002B3D61 /* main.m in Sources */,
				ABA7FE252F4494FD0000642A /* NSDictionary+SMKeyValueObserving.m in Sources */,
				ABA7FE262F4494FD0000642A /* NSObject+SPInvocationGrabbing.m in Sources */,
				ABA7FE272F4494FD0000642A /* SMTabBarItem.m in Sources */,
				ABA7FE282F4494FD0000642A /* SMTabBar.m in Sources */,
				ABA7FE292F4494FD0000642A /* SPMediaKeyTap.m in Sources */,
				ABA7FE2A2F4494FD0000642A /* SMTabBarButtonCell.m in Sources */,
				ABA7FE2B2F4494FD0000642A /* SMBar.m in Sources */,
				F5148AD41580E5F4002B3D61 /* DMAppDelegate.m in Sources */,
				41BD4EB61FED50700028B8BC /* DockImageProvider.swift in Sources */,
				F5148AD71580E6AD002B3D61 /* DMApp.m in Sources */,
				F5148B2E1580E904002B3D61 /* DMControlCenter.m in Sources */,
				FDAB5DF01D1EFB0200F1201A /* DMAuthHelper.swift in Sources */,
				F5148B311580E904002B3D61 /* NSDictionary+UrlEncoding.m in Sources */,
				F501B3B715877062001C6158 /* DMCoverControlView.m in Sources */,
				F501B3B815877062001C6158 /* DMCoverSlide.m in Sources */,
				F501B3BD1587708F001C6158 /* DMPanelWindowController.m in Sources */,
				F5ECCBEC158CC71600512F6A /* DMPopUpButtonCell.m in Sources */,
				F5ECCBEF158CC85600512F6A /* DMPopUpMenuController.m in Sources */,
				F5ECCC01158CE39500512F6A /* PLTabPreferenceControl.m in Sources */,
				F5ECCC04158CE43100512F6A /* DMPrefsPanelDataProvider.m in Sources */,
				F5BB89F4159744B80017E6FE /* DMVolumeSlideCell.m in Sources */,
				F5D3631E15A1F0EF003A40B2 /* DMDocument.m in Sources */,
				F5D3631F15A1F0EF003A40B2 /* DMDetailViewController.m in Sources */,
				AB7BCA742F437B9700E53DFF /* DMNetEaseMusicFetcher.swift in Sources */,
				F5D3632115A1F0EF003A40B2 /* DMDocumentWindowController.m in Sources */,
				F5D3632315A1F0EF003A40B2 /* JUInspectorBaseView.m in Sources */,
				F5D3632415A1F0EF003A40B2 /* JUInspectorView.m in Sources */,
				F5D3632515A1F0EF003A40B2 /* JUInspectorViewContainer.m in Sources */,
				F5D3632615A1F0EF003A40B2 /* JUInspectorViewHeader.m in Sources */,
				AB7BCA7A2F44815500E53DFF /* DMNetEaseCrypto.swift in Sources */,
				F5D3634015A1F3AF003A40B2 /* DMPlayRecordHandler.m in Sources */,
				F5FC4DA515A31F8E00197D1A /* DMPlayRecordModel.xcdatamodeld in Sources */,
				F515C16015B6F07500210826 /* MenubarController.m in Sources */,
				F515C16115B6F07500210826 /* StatusItemView.m in Sources */,
				F566F60E15C6E4A200FC7143 /* NSImage+AsyncLoadImage.m in Sources */,
				AB7BCA772F44776A00E53DFF /* DMNetEaseAPIClient.swift in Sources */,
				F53C78DE15CC0AA000201C65 /* DMService.m in Sources */,
				F53C78EB15CC0D0C00201C65 /* NSData+AESCrypt.m in Sources */,
				F53C78EC15CC0D0C00201C65 /* NSData+Base64.m in Sources */,
				3FBE809915D4A632001A3BEC /* DMErrorLog.m in Sources */,
				3F8A956415D9FEE500701895 /* DMPanel.m in Sources */,
				3F50FC4415DB4981000E5147 /* DMButton.m in Sources */,
				F5E2D0F616005D2400389463 /* DMShortcutsHandler.m in Sources */,
				F50A0A6816247A8800664316 /* DMSearchPanelController.m in Sources */,
				F5AF817E163429BB006F15F0 /* DMSearchItemView.m in Sources */,
				F5D25DD216A999A700ED70CC /* DMBitrateControlLayer.m in Sources */,
			);
			runOnlyForDeploymentPostprocessing = 0;
		};
/* End PBXSourcesBuildPhase section */

/* Begin PBXVariantGroup section */
		F5148ABB1580E58D002B3D61 /* InfoPlist.strings */ = {
			isa = PBXVariantGroup;
			children = (
				F5148ABC1580E58D002B3D61 /* en */,
				F5959967160637D300FA3C3E /* zh-Hans */,
			);
			name = InfoPlist.strings;
			sourceTree = "<group>";
		};
		F5148AC11580E58D002B3D61 /* Credits.rtf */ = {
			isa = PBXVariantGroup;
			children = (
				F5148AC21580E58D002B3D61 /* en */,
				F5959968160637D300FA3C3E /* zh-Hans */,
			);
			name = Credits.rtf;
			sourceTree = "<group>";
		};
		F5148ACA1580E58E002B3D61 /* MainMenu.xib */ = {
			isa = PBXVariantGroup;
			children = (
				F5959966160637D300FA3C3E /* zh-Hans */,
				1AC4883A24E3D81200737B9D /* Base */,
			);
			name = MainMenu.xib;
			sourceTree = "<group>";
		};
		F595995E1606369100FA3C3E /* DMDocumentWindow.xib */ = {
			isa = PBXVariantGroup;
			children = (
				F595996A160637D300FA3C3E /* zh-Hans */,
				1AC4883624E3D81200737B9D /* Base */,
			);
			name = DMDocumentWindow.xib;
			sourceTree = "<group>";
		};
		F5959962160636AC00FA3C3E /* DMPrefsPanel.xib */ = {
			isa = PBXVariantGroup;
			children = (
				F5959969160637D300FA3C3E /* zh-Hans */,
				1AC4883824E3D81200737B9D /* Base */,
			);
			name = DMPrefsPanel.xib;
			sourceTree = "<group>";
		};
		F5959965160636BC00FA3C3E /* DMPanelWindowController.xib */ = {
			isa = PBXVariantGroup;
			children = (
				F595996B160637D300FA3C3E /* zh-Hans */,
				1AC4883924E3D81200737B9D /* Base */,
			);
			name = DMPanelWindowController.xib;
			sourceTree = "<group>";
		};
		F59599701606401600FA3C3E /* Localizable.strings */ = {
			isa = PBXVariantGroup;
			children = (
				F595996F1606401600FA3C3E /* en */,
				F59599711606401C00FA3C3E /* zh-Hans */,
			);
			name = Localizable.strings;
			sourceTree = "<group>";
		};
		F5D473BC163D747D00EE35B9 /* DMSearchPanelController.xib */ = {
			isa = PBXVariantGroup;
			children = (
				F5D473BE163D74A100EE35B9 /* zh-Hans */,
				1AC4883724E3D81200737B9D /* Base */,
			);
			name = DMSearchPanelController.xib;
			path = DMSearchPanel;
			sourceTree = "<group>";
		};
/* End PBXVariantGroup section */

/* Begin XCBuildConfiguration section */
		F5148ACD1580E58E002B3D61 /* Debug */ = {
			isa = XCBuildConfiguration;
			buildSettings = {
				ALWAYS_SEARCH_USER_PATHS = NO;
				ASSETCATALOG_COMPILER_GENERATE_SWIFT_ASSET_SYMBOL_EXTENSIONS = YES;
				CLANG_ANALYZER_LOCALIZABILITY_NONLOCALIZED = YES;
				CLANG_WARN_BLOCK_CAPTURE_AUTORELEASING = YES;
				CLANG_WARN_BOOL_CONVERSION = YES;
				CLANG_WARN_COMMA = YES;
				CLANG_WARN_CONSTANT_CONVERSION = YES;
				CLANG_WARN_DEPRECATED_OBJC_IMPLEMENTATIONS = YES;
				CLANG_WARN_EMPTY_BODY = YES;
				CLANG_WARN_ENUM_CONVERSION = YES;
				CLANG_WARN_INFINITE_RECURSION = YES;
				CLANG_WARN_INT_CONVERSION = YES;
				CLANG_WARN_NON_LITERAL_NULL_CONVERSION = YES;
				CLANG_WARN_OBJC_IMPLICIT_RETAIN_SELF = YES;
				CLANG_WARN_OBJC_LITERAL_CONVERSION = YES;
				CLANG_WARN_QUOTED_INCLUDE_IN_FRAMEWORK_HEADER = YES;
				CLANG_WARN_RANGE_LOOP_ANALYSIS = YES;
				CLANG_WARN_STRICT_PROTOTYPES = YES;
				CLANG_WARN_SUSPICIOUS_MOVE = YES;
				CLANG_WARN_UNREACHABLE_CODE = YES;
				CLANG_WARN__DUPLICATE_METHOD_MATCH = YES;
				CODE_SIGN_IDENTITY = "3rd Party Mac Developer Application";
				COPY_PHASE_STRIP = NO;
				DEAD_CODE_STRIPPING = YES;
				DEVELOPMENT_TEAM = BPRT8L8NAK;
				ENABLE_STRICT_OBJC_MSGSEND = YES;
				ENABLE_TESTABILITY = YES;
				ENABLE_USER_SCRIPT_SANDBOXING = NO;
				GCC_C_LANGUAGE_STANDARD = gnu99;
				GCC_DYNAMIC_NO_PIC = NO;
				GCC_ENABLE_OBJC_EXCEPTIONS = YES;
				GCC_NO_COMMON_BLOCKS = YES;
				GCC_OPTIMIZATION_LEVEL = 0;
				GCC_PREPROCESSOR_DEFINITIONS = (
					"DEBUG=1",
					"$(inherited)",
				);
				GCC_SYMBOLS_PRIVATE_EXTERN = NO;
				GCC_VERSION = com.apple.compilers.llvm.clang.1_0;
				GCC_WARN_64_TO_32_BIT_CONVERSION = YES;
				GCC_WARN_ABOUT_RETURN_TYPE = YES;
				GCC_WARN_UNDECLARED_SELECTOR = YES;
				GCC_WARN_UNINITIALIZED_AUTOS = YES;
				GCC_WARN_UNUSED_FUNCTION = YES;
				GCC_WARN_UNUSED_VARIABLE = YES;
				MACOSX_DEPLOYMENT_TARGET = 10.12;
				ONLY_ACTIVE_ARCH = YES;
				PROVISIONING_PROFILE = "";
				RUN_CLANG_STATIC_ANALYZER = YES;
				SDKROOT = macosx;
				STRING_CATALOG_GENERATE_SYMBOLS = YES;
			};
			name = Debug;
		};
		F5148ACE1580E58E002B3D61 /* Release */ = {
			isa = XCBuildConfiguration;
			buildSettings = {
				ALWAYS_SEARCH_USER_PATHS = NO;
				ASSETCATALOG_COMPILER_GENERATE_SWIFT_ASSET_SYMBOL_EXTENSIONS = YES;
				CLANG_ANALYZER_LOCALIZABILITY_NONLOCALIZED = YES;
				CLANG_WARN_BLOCK_CAPTURE_AUTORELEASING = YES;
				CLANG_WARN_BOOL_CONVERSION = YES;
				CLANG_WARN_COMMA = YES;
				CLANG_WARN_CONSTANT_CONVERSION = YES;
				CLANG_WARN_DEPRECATED_OBJC_IMPLEMENTATIONS = YES;
				CLANG_WARN_EMPTY_BODY = YES;
				CLANG_WARN_ENUM_CONVERSION = YES;
				CLANG_WARN_INFINITE_RECURSION = YES;
				CLANG_WARN_INT_CONVERSION = YES;
				CLANG_WARN_NON_LITERAL_NULL_CONVERSION = YES;
				CLANG_WARN_OBJC_IMPLICIT_RETAIN_SELF = YES;
				CLANG_WARN_OBJC_LITERAL_CONVERSION = YES;
				CLANG_WARN_QUOTED_INCLUDE_IN_FRAMEWORK_HEADER = YES;
				CLANG_WARN_RANGE_LOOP_ANALYSIS = YES;
				CLANG_WARN_STRICT_PROTOTYPES = YES;
				CLANG_WARN_SUSPICIOUS_MOVE = YES;
				CLANG_WARN_UNREACHABLE_CODE = YES;
				CLANG_WARN__DUPLICATE_METHOD_MATCH = YES;
				CODE_SIGN_IDENTITY = "3rd Party Mac Developer Application";
				COPY_PHASE_STRIP = YES;
				DEAD_CODE_STRIPPING = YES;
				DEBUG_INFORMATION_FORMAT = dwarf;
				DEVELOPMENT_TEAM = BPRT8L8NAK;
				ENABLE_STRICT_OBJC_MSGSEND = YES;
				ENABLE_USER_SCRIPT_SANDBOXING = NO;
				GCC_C_LANGUAGE_STANDARD = gnu99;
				GCC_ENABLE_OBJC_EXCEPTIONS = YES;
				GCC_NO_COMMON_BLOCKS = YES;
				GCC_VERSION = com.apple.compilers.llvm.clang.1_0;
				GCC_WARN_64_TO_32_BIT_CONVERSION = YES;
				GCC_WARN_ABOUT_RETURN_TYPE = YES;
				GCC_WARN_UNDECLARED_SELECTOR = YES;
				GCC_WARN_UNINITIALIZED_AUTOS = YES;
				GCC_WARN_UNUSED_FUNCTION = YES;
				GCC_WARN_UNUSED_VARIABLE = YES;
				MACOSX_DEPLOYMENT_TARGET = 10.12;
				PROVISIONING_PROFILE = "";
				RUN_CLANG_STATIC_ANALYZER = YES;
				SDKROOT = macosx;
				STRING_CATALOG_GENERATE_SYMBOLS = YES;
				SWIFT_COMPILATION_MODE = wholemodule;
				SWIFT_OPTIMIZATION_LEVEL = "-O";
			};
			name = Release;
		};
		F5148AD01580E58E002B3D61 /* Debug */ = {
			isa = XCBuildConfiguration;
			baseConfigurationReference = 0537EC2A6E69614A89C2C584 /* Pods-diumoo.debug.xcconfig */;
			buildSettings = {
				ASSETCATALOG_COMPILER_APPICON_NAME = AppIcon;
				CLANG_ENABLE_MODULES = YES;
				CLANG_ENABLE_OBJC_ARC = YES;
				CODE_SIGN_IDENTITY = "Mac Developer";
				COMBINE_HIDPI_IMAGES = YES;
				DEAD_CODE_STRIPPING = YES;
				DEBUG_INFORMATION_FORMAT = "dwarf-with-dsym";
				ENABLE_HARDENED_RUNTIME = YES;
				FRAMEWORK_SEARCH_PATHS = (
					"$(inherited)",
					"\"$(SRCROOT)\"/**",
				);
				GCC_PRECOMPILE_PREFIX_HEADER = YES;
				GCC_PREFIX_HEADER = "diumoo/diumoo-Prefix.pch";
				HEADER_SEARCH_PATHS = (
					"$(SDKROOT)/usr/include/libxml2/**",
					"\"$(SRCROOT)/frameworks/Growl.framework/\"/**",
					"$(inherited)",
				);
				INFOPLIST_FILE = "diumoo/diumoo-Info.plist";
				INFOPLIST_KEY_LSApplicationCategoryType = "public.app-category.music";
				LD_RUNPATH_SEARCH_PATHS = (
					"$(inherited)",
					"@executable_path/../Frameworks",
				);
				MACOSX_DEPLOYMENT_TARGET = 11.0;
				OTHER_LDFLAGS = (
					"$(inherited)",
					"-lxml2",
				);
				PRODUCT_BUNDLE_IDENTIFIER = com.leisurehuang.diumoo;
				PRODUCT_NAME = "$(TARGET_NAME)";
				SDKROOT = macosx;
				SWIFT_OBJC_BRIDGING_HEADER = "diumoo/diumoo-Bridging-Header.h";
				SWIFT_OPTIMIZATION_LEVEL = "-Onone";
				SWIFT_VERSION = 5.0;
				WRAPPER_EXTENSION = app;
			};
			name = Debug;
		};
		F5148AD11580E58E002B3D61 /* Release */ = {
			isa = XCBuildConfiguration;
			baseConfigurationReference = EAACB1F82587FEB568BEFB7C /* Pods-diumoo.release.xcconfig */;
			buildSettings = {
				ASSETCATALOG_COMPILER_APPICON_NAME = AppIcon;
				CLANG_ENABLE_MODULES = YES;
				CLANG_ENABLE_OBJC_ARC = YES;
				CODE_SIGN_IDENTITY = "Mac Developer";
				COMBINE_HIDPI_IMAGES = YES;
				COPY_PHASE_STRIP = YES;
				DEAD_CODE_STRIPPING = YES;
				DEBUG_INFORMATION_FORMAT = "dwarf-with-dsym";
				ENABLE_HARDENED_RUNTIME = YES;
				FRAMEWORK_SEARCH_PATHS = (
					"$(inherited)",
					"\"$(SRCROOT)\"/**",
				);
				GCC_PRECOMPILE_PREFIX_HEADER = YES;
				GCC_PREFIX_HEADER = "diumoo/diumoo-Prefix.pch";
				HEADER_SEARCH_PATHS = (
					"$(SDKROOT)/usr/include/libxml2/**",
					"\"$(SRCROOT)/frameworks/Growl.framework/\"/**",
					"$(inherited)",
				);
				INFOPLIST_FILE = "diumoo/diumoo-Info.plist";
				INFOPLIST_KEY_LSApplicationCategoryType = "public.app-category.music";
				LD_RUNPATH_SEARCH_PATHS = (
					"$(inherited)",
					"@executable_path/../Frameworks",
				);
				MACOSX_DEPLOYMENT_TARGET = 11.0;
				OTHER_LDFLAGS = (
					"$(inherited)",
					"-lxml2",
				);
				PRODUCT_BUNDLE_IDENTIFIER = com.leisurehuang.diumoo;
				PRODUCT_NAME = "$(TARGET_NAME)";
				SDKROOT = macosx;
				SWIFT_OBJC_BRIDGING_HEADER = "diumoo/diumoo-Bridging-Header.h";
				SWIFT_VERSION = 5.0;
				WRAPPER_EXTENSION = app;
			};
			name = Release;
		};
/* End XCBuildConfiguration section */

/* Begin XCConfigurationList section */
		F5148AA81580E58D002B3D61 /* Build configuration list for PBXProject "diumoo" */ = {
			isa = XCConfigurationList;
			buildConfigurations = (
				F5148ACD1580E58E002B3D61 /* Debug */,
				F5148ACE1580E58E002B3D61 /* Release */,
			);
			defaultConfigurationIsVisible = 0;
			defaultConfigurationName = Release;
		};
		F5148ACF1580E58E002B3D61 /* Build configuration list for PBXNativeTarget "diumoo" */ = {
			isa = XCConfigurationList;
			buildConfigurations = (
				F5148AD01580E58E002B3D61 /* Debug */,
				F5148AD11580E58E002B3D61 /* Release */,
			);
			defaultConfigurationIsVisible = 0;
			defaultConfigurationName = Release;
		};
/* End XCConfigurationList section */

/* Begin XCVersionGroup section */
		F5FC4DA315A31F8E00197D1A /* DMPlayRecordModel.xcdatamodeld */ = {
			isa = XCVersionGroup;
			children = (
				F5FC4DA415A31F8E00197D1A /* DMPlayRecordModel.xcdatamodel */,
			);
			currentVersion = F5FC4DA415A31F8E00197D1A /* DMPlayRecordModel.xcdatamodel */;
			name = DMPlayRecordModel.xcdatamodeld;
			path = DMPlayRecordHandler/DMPlayRecordModel.xcdatamodeld;
			sourceTree = "<group>";
			versionGroupType = wrapper.xcdatamodel;
		};
/* End XCVersionGroup section */
	};
	rootObject = F5148AA51580E58D002B3D61 /* Project object */;
}
